
Microsoft Visual Studio Solution File, Format Version 12.00
# Visual Studio Version 16
VisualStudioVersion = 16.0.31205.134
MinimumVisualStudioVersion = 10.0.40219.1
Project("{FAE04EC0-301F-11D3-BF4B-00C04F79EFBC}") = "BankingClassLibrary", "BankingData\BankingClassLibrary.csproj", "{C41ECFC2-9C7F-486D-A870-279C59485A59}"
EndProject
Project("{FAE04EC0-301F-11D3-BF4B-00C04F79EFBC}") = "AccountTests", "AccountTests\AccountTests.csproj", "{75892D5C-1DB8-4BB4-ADC8-FF8E619B9911}"
EndProject
Global
	GlobalSection(SolutionConfigurationPlatforms) = preSolution
		Debug|Any CPU = Debug|Any CPU
		Release|Any CPU = Release|Any CPU
	EndGlobalSection
	GlobalSection(ProjectConfigurationPlatforms) = postSolution
		{C41ECFC2-9C7F-486D-A870-279C59485A59}.Debug|Any CPU.ActiveCfg = Debug|Any CPU
		{C41ECFC2-9C7F-486D-A870-279C59485A59}.Debug|Any CPU.Build.0 = Debug|Any CPU
		{C41ECFC2-9C7F-486D-A870-279C59485A59}.Release|Any CPU.ActiveCfg = Release|Any CPU
		{C41ECFC2-9C7F-486D-A870-279C59485A59}.Release|Any CPU.Build.0 = Release|Any CPU
		{75892D5C-1DB8-4BB4-ADC8-FF8E619B9911}.Debug|Any CPU.ActiveCfg = Debug|Any CPU
		{75892D5C-1DB8-4BB4-ADC8-FF8E619B9911}.Debug|Any CPU.Build.0 = Debug|Any CPU
		{75892D5C-1DB8-4BB4-ADC8-FF8E619B9911}.Release|Any CPU.ActiveCfg = Release|Any CPU
		{75892D5C-1DB8-4BB4-ADC8-FF8E619B9911}.Release|Any CPU.Build.0 = Release|Any CPU
	EndGlobalSection
	GlobalSection(SolutionProperties) = preSolution
		HideSolutionNode = FALSE
	EndGlobalSection
	GlobalSection(ExtensibilityGlobals) = postSolution
		SolutionGuid = {2F0CB547-1401-4809-AB89-0E48F47B01EC}
	EndGlobalSection
EndGlobal
